
Microsoft Visual Studio Solution File, Format Version 12.00
# Visual Studio Version 17
VisualStudioVersion = 17.13.35931.197 d17.13
MinimumVisualStudioVersion = 10.0.40219.1
Project("{FAE04EC0-301F-11D3-BF4B-00C04F79EFBC}") = "MusicPlayer", "MusicPlayer\MusicPlayer.csproj", "{98911CBA-C06C-4B45-A29F-F7CB08C3F140}"
EndProject
Global
	GlobalSection(SolutionConfigurationPlatforms) = preSolution
		Debug|Any CPU = Debug|Any CPU
		Release|Any CPU = Release|Any CPU
	EndGlobalSection
	GlobalSection(ProjectConfigurationPlatforms) = postSolution
		{98911CBA-C06C-4B45-A29F-F7CB08C3F140}.Debug|Any CPU.ActiveCfg = Debug|Any CPU
		{98911CBA-C06C-4B45-A29F-F7CB08C3F140}.Debug|Any CPU.Build.0 = Debug|Any CPU
		{98911CBA-C06C-4B45-A29F-F7CB08C3F140}.Debug|Any CPU.Deploy.0 = Debug|Any CPU
		{98911CBA-C06C-4B45-A29F-F7CB08C3F140}.Release|Any CPU.ActiveCfg = Release|Any CPU
		{98911CBA-C06C-4B45-A29F-F7CB08C3F140}.Release|Any CPU.Build.0 = Release|Any CPU
		{98911CBA-C06C-4B45-A29F-F7CB08C3F140}.Release|Any CPU.Deploy.0 = Release|Any CPU
	EndGlobalSection
	GlobalSection(SolutionProperties) = preSolution
		HideSolutionNode = FALSE
	EndGlobalSection
	GlobalSection(ExtensibilityGlobals) = postSolution
		SolutionGuid = {3B6DC62D-5E02-479A-A1C7-C5F2A8DEE6CC}
	EndGlobalSection
EndGlobal
